// !$*UTF8*$!
{
	archiveVersion = 1;
	classes = {
	};
	objectVersion = 77;
	objects = {

/* Begin PBXBuildFile section */
		3EA3150E2E13348E0044FB89 /* GoalInputView.swift in Sources */ = {isa = PBXBuildFile; fileRef = 3EA3150D2E13348E0044FB89 /* GoalInputView.swift */; };
		3EA315102E13385E0044FB89 /* SampleData.swift in Sources */ = {isa = PBXBuildFile; fileRef = 3EA3150F2E13385E0044FB89 /* SampleData.swift */; };
		3EA315122E1338B30044FB89 /* DayRowView.swift in Sources */ = {isa = PBXBuildFile; fileRef = 3EA315112E1338B30044FB89 /* DayRowView.swift */; };
		3EA315142E1338FC0044FB89 /* ExerciseRowView.swift in Sources */ = {isa = PBXBuildFile; fileRef = 3EA315132E1338FC0044FB89 /* ExerciseRowView.swift */; };
		3EA315162E1339240044FB89 /* DayDetailView.swift in Sources */ = {isa = PBXBuildFile; fileRef = 3EA315152E1339240044FB89 /* DayDetailView.swift */; };
		3EA315182E1339480044FB89 /* PlanListView.swift in Sources */ = {isa = PBXBuildFile; fileRef = 3EA315172E1339480044FB89 /* PlanListView.swift */; };
		3EA315192E133AC70044FB89 /* Exercise.swift in Sources */ = {isa = PBXBuildFile; fileRef = 3EA315092E1333FE0044FB89 /* Exercise.swift */; };
		3EA3151A2E133ADD0044FB89 /* Day.swift in Sources */ = {isa = PBXBuildFile; fileRef = 3EA3150A2E13342F0044FB89 /* Day.swift */; };
		3EA3151B2E133AEB0044FB89 /* WorkoutPlan.swift in Sources */ = {isa = PBXBuildFile; fileRef = 3EA3150B2E1334480044FB89 /* WorkoutPlan.swift */; };
		3EA3151C2E133AF20044FB89 /* UserGoals.swift in Sources */ = {isa = PBXBuildFile; fileRef = 3EA3150C2E13345D0044FB89 /* UserGoals.swift */; };
		3EA3151E2E13426B0044FB89 /* LocalStorageService.swift in Sources */ = {isa = PBXBuildFile; fileRef = 3EA3151D2E13426B0044FB89 /* LocalStorageService.swift */; };
		3EA315202E1342D70044FB89 /* WorkoutPlanViewModel.swift in Sources */ = {isa = PBXBuildFile; fileRef = 3EA3151F2E1342D70044FB89 /* WorkoutPlanViewModel.swift */; };
		3EA315332E172D690044FB89 /* AIWorkoutGenerationService.swift in Sources */ = {isa = PBXBuildFile; fileRef = 3EA315322E172D690044FB89 /* AIWorkoutGenerationService.swift */; };
		3EA315372E175FA40044FB89 /* PlanReviewView.swift in Sources */ = {isa = PBXBuildFile; fileRef = 3EA315362E175FA40044FB89 /* PlanReviewView.swift */; };
		3EA315392E175FB50044FB89 /* DayPreviewRow.swift in Sources */ = {isa = PBXBuildFile; fileRef = 3EA315382E175FB50044FB89 /* DayPreviewRow.swift */; };
		3EA3153B2E175FC30044FB89 /* DayEditView.swift in Sources */ = {isa = PBXBuildFile; fileRef = 3EA3153A2E175FC30044FB89 /* DayEditView.swift */; };
		3EA3153D2E182D3E0044FB89 /* ExerciseEditRow.swift in Sources */ = {isa = PBXBuildFile; fileRef = 3EA3153C2E182D3E0044FB89 /* ExerciseEditRow.swift */; };
		3EA3153F2E182D580044FB89 /* AddExerciseView.swift in Sources */ = {isa = PBXBuildFile; fileRef = 3EA3153E2E182D580044FB89 /* AddExerciseView.swift */; };
		3EA315412E182D670044FB89 /* EditExerciseView.swift in Sources */ = {isa = PBXBuildFile; fileRef = 3EA315402E182D670044FB89 /* EditExerciseView.swift */; };
		3EA315622E1ABD000044FB89 /* .gitignore in Resources */ = {isa = PBXBuildFile; fileRef = 3EA315612E1ABD000044FB89 /* .gitignore */; };
		3EA315682E1AC9A90044FB89 /* APIKeys.xcconfig in Resources */ = {isa = PBXBuildFile; fileRef = 3EA315672E1AC9A90044FB89 /* APIKeys.xcconfig */; };
/* End PBXBuildFile section */

/* Begin PBXContainerItemProxy section */
		3EA314E42E1332350044FB89 /* PBXContainerItemProxy */ = {
			isa = PBXContainerItemProxy;
			containerPortal = 3EA314C92E13322C0044FB89 /* Project object */;
			proxyType = 1;
			remoteGlobalIDString = 3EA314D02E13322C0044FB89;
			remoteInfo = Fit14;
		};
		3EA314EE2E1332350044FB89 /* PBXContainerItemProxy */ = {
			isa = PBXContainerItemProxy;
			containerPortal = 3EA314C92E13322C0044FB89 /* Project object */;
			proxyType = 1;
			remoteGlobalIDString = 3EA314D02E13322C0044FB89;
			remoteInfo = Fit14;
		};
/* End PBXContainerItemProxy section */

/* Begin PBXFileReference section */
		3EA314D12E13322C0044FB89 /* Fit14.app */ = {isa = PBXFileReference; explicitFileType = wrapper.application; includeInIndex = 0; path = Fit14.app; sourceTree = BUILT_PRODUCTS_DIR; };
		3EA314E32E1332350044FB89 /* Fit14Tests.xctest */ = {isa = PBXFileReference; explicitFileType = wrapper.cfbundle; includeInIndex = 0; path = Fit14Tests.xctest; sourceTree = BUILT_PRODUCTS_DIR; };
		3EA314ED2E1332350044FB89 /* Fit14UITests.xctest */ = {isa = PBXFileReference; explicitFileType = wrapper.cfbundle; includeInIndex = 0; path = Fit14UITests.xctest; sourceTree = BUILT_PRODUCTS_DIR; };
		3EA315092E1333FE0044FB89 /* Exercise.swift */ = {isa = PBXFileReference; lastKnownFileType = sourcecode.swift; path = Exercise.swift; sourceTree = "<group>"; };
		3EA3150A2E13342F0044FB89 /* Day.swift */ = {isa = PBXFileReference; lastKnownFileType = sourcecode.swift; path = Day.swift; sourceTree = "<group>"; };
		3EA3150B2E1334480044FB89 /* WorkoutPlan.swift */ = {isa = PBXFileReference; lastKnownFileType = sourcecode.swift; path = WorkoutPlan.swift; sourceTree = "<group>"; };
		3EA3150C2E13345D0044FB89 /* UserGoals.swift */ = {isa = PBXFileReference; lastKnownFileType = sourcecode.swift; path = UserGoals.swift; sourceTree = "<group>"; };
		3EA3150D2E13348E0044FB89 /* GoalInputView.swift */ = {isa = PBXFileReference; lastKnownFileType = sourcecode.swift; path = GoalInputView.swift; sourceTree = "<group>"; };
		3EA3150F2E13385E0044FB89 /* SampleData.swift */ = {isa = PBXFileReference; lastKnownFileType = sourcecode.swift; path = SampleData.swift; sourceTree = "<group>"; };
		3EA315112E1338B30044FB89 /* DayRowView.swift */ = {isa = PBXFileReference; lastKnownFileType = sourcecode.swift; path = DayRowView.swift; sourceTree = "<group>"; };
		3EA315132E1338FC0044FB89 /* ExerciseRowView.swift */ = {isa = PBXFileReference; lastKnownFileType = sourcecode.swift; path = ExerciseRowView.swift; sourceTree = "<group>"; };
		3EA315152E1339240044FB89 /* DayDetailView.swift */ = {isa = PBXFileReference; lastKnownFileType = sourcecode.swift; path = DayDetailView.swift; sourceTree = "<group>"; };
		3EA315172E1339480044FB89 /* PlanListView.swift */ = {isa = PBXFileReference; lastKnownFileType = sourcecode.swift; path = PlanListView.swift; sourceTree = "<group>"; };
		3EA3151D2E13426B0044FB89 /* LocalStorageService.swift */ = {isa = PBXFileReference; lastKnownFileType = sourcecode.swift; path = LocalStorageService.swift; sourceTree = "<group>"; };
		3EA3151F2E1342D70044FB89 /* WorkoutPlanViewModel.swift */ = {isa = PBXFileReference; lastKnownFileType = sourcecode.swift; path = WorkoutPlanViewModel.swift; sourceTree = "<group>"; };
		3EA315322E172D690044FB89 /* AIWorkoutGenerationService.swift */ = {isa = PBXFileReference; lastKnownFileType = sourcecode.swift; path = AIWorkoutGenerationService.swift; sourceTree = "<group>"; };
		3EA315362E175FA40044FB89 /* PlanReviewView.swift */ = {isa = PBXFileReference; lastKnownFileType = sourcecode.swift; path = PlanReviewView.swift; sourceTree = "<group>"; };
		3EA315382E175FB50044FB89 /* DayPreviewRow.swift */ = {isa = PBXFileReference; lastKnownFileType = sourcecode.swift; path = DayPreviewRow.swift; sourceTree = "<group>"; };
		3EA3153A2E175FC30044FB89 /* DayEditView.swift */ = {isa = PBXFileReference; lastKnownFileType = sourcecode.swift; path = DayEditView.swift; sourceTree = "<group>"; };
		3EA3153C2E182D3E0044FB89 /* ExerciseEditRow.swift */ = {isa = PBXFileReference; lastKnownFileType = sourcecode.swift; path = ExerciseEditRow.swift; sourceTree = "<group>"; };
		3EA3153E2E182D580044FB89 /* AddExerciseView.swift */ = {isa = PBXFileReference; lastKnownFileType = sourcecode.swift; path = AddExerciseView.swift; sourceTree = "<group>"; };
		3EA315402E182D670044FB89 /* EditExerciseView.swift */ = {isa = PBXFileReference; lastKnownFileType = sourcecode.swift; path = EditExerciseView.swift; sourceTree = "<group>"; };
		3EA3155A2E1A25770044FB89 /* APIKeys.xcconfig */ = {isa = PBXFileReference; lastKnownFileType = text.xcconfig; path = APIKeys.xcconfig; sourceTree = "<group>"; };
		3EA315612E1ABD000044FB89 /* .gitignore */ = {isa = PBXFileReference; lastKnownFileType = text; path = .gitignore; sourceTree = "<group>"; };
		3EA315672E1AC9A90044FB89 /* APIKeys.xcconfig */ = {isa = PBXFileReference; lastKnownFileType = text.xcconfig; path = APIKeys.xcconfig; sourceTree = "<group>"; };
/* End PBXFileReference section */

/* Begin PBXFileSystemSynchronizedBuildFileExceptionSet section */
		3EA315822E1AD8B40044FB89 /* Exceptions for "Fit14" folder in "Fit14" target */ = {
			isa = PBXFileSystemSynchronizedBuildFileExceptionSet;
			membershipExceptions = (
				Info.plist,
			);
			target = 3EA314D02E13322C0044FB89 /* Fit14 */;
		};
/* End PBXFileSystemSynchronizedBuildFileExceptionSet section */

/* Begin PBXFileSystemSynchronizedRootGroup section */
		3EA314D32E13322C0044FB89 /* Fit14 */ = {
			isa = PBXFileSystemSynchronizedRootGroup;
			exceptions = (
				3EA315822E1AD8B40044FB89 /* Exceptions for "Fit14" folder in "Fit14" target */,
			);
			path = Fit14;
			sourceTree = "<group>";
		};
		3EA314E62E1332350044FB89 /* Fit14Tests */ = {
			isa = PBXFileSystemSynchronizedRootGroup;
			path = Fit14Tests;
			sourceTree = "<group>";
		};
		3EA314F02E1332350044FB89 /* Fit14UITests */ = {
			isa = PBXFileSystemSynchronizedRootGroup;
			path = Fit14UITests;
			sourceTree = "<group>";
		};
		3EA315442E1A01E90044FB89 /* Config */ = {
			isa = PBXFileSystemSynchronizedRootGroup;
			path = Config;
			sourceTree = "<group>";
		};
/* End PBXFileSystemSynchronizedRootGroup section */

/* Begin PBXFrameworksBuildPhase section */
		3EA314CE2E13322C0044FB89 /* Frameworks */ = {
			isa = PBXFrameworksBuildPhase;
			buildActionMask = 2147483647;
			files = (
			);
			runOnlyForDeploymentPostprocessing = 0;
		};
		3EA314E02E1332350044FB89 /* Frameworks */ = {
			isa = PBXFrameworksBuildPhase;
			buildActionMask = 2147483647;
			files = (
			);
			runOnlyForDeploymentPostprocessing = 0;
		};
		3EA314EA2E1332350044FB89 /* Frameworks */ = {
			isa = PBXFrameworksBuildPhase;
			buildActionMask = 2147483647;
			files = (
			);
			runOnlyForDeploymentPostprocessing = 0;
		};
/* End PBXFrameworksBuildPhase section */

/* Begin PBXGroup section */
		3EA314C82E13322C0044FB89 = {
			isa = PBXGroup;
			children = (
				3EA315442E1A01E90044FB89 /* Config */,
				3EA315042E1332F20044FB89 /* Utilities */,
				3EA315032E1332EB0044FB89 /* Services */,
				3EA315022E1332E10044FB89 /* ViewModels */,
				3EA315012E1332D60044FB89 /* Views */,
				3EA315002E1332CB0044FB89 /* Models */,
				3EA314D32E13322C0044FB89 /* Fit14 */,
				3EA314E62E1332350044FB89 /* Fit14Tests */,
				3EA314F02E1332350044FB89 /* Fit14UITests */,
				3EA314D22E13322C0044FB89 /* Products */,
				3EA315652E1AC9A90044FB89 /* Recovered References */,
				3EA315672E1AC9A90044FB89 /* APIKeys.xcconfig */,
				3EA315612E1ABD000044FB89 /* .gitignore */,
			);
			sourceTree = "<group>";
		};
		3EA314D22E13322C0044FB89 /* Products */ = {
			isa = PBXGroup;
			children = (
				3EA314D12E13322C0044FB89 /* Fit14.app */,
				3EA314E32E1332350044FB89 /* Fit14Tests.xctest */,
				3EA314ED2E1332350044FB89 /* Fit14UITests.xctest */,
			);
			name = Products;
			sourceTree = "<group>";
		};
		3EA315002E1332CB0044FB89 /* Models */ = {
			isa = PBXGroup;
			children = (
				3EA3150C2E13345D0044FB89 /* UserGoals.swift */,
				3EA3150B2E1334480044FB89 /* WorkoutPlan.swift */,
				3EA3150A2E13342F0044FB89 /* Day.swift */,
				3EA315092E1333FE0044FB89 /* Exercise.swift */,
			);
			path = Models;
			sourceTree = "<group>";
		};
		3EA315012E1332D60044FB89 /* Views */ = {
			isa = PBXGroup;
			children = (
				3EA315342E175F7F0044FB89 /* PlanReview */,
				3EA315082E13331E0044FB89 /* Components */,
				3EA315072E1333150044FB89 /* Progress */,
				3EA315062E13330F0044FB89 /* PlanList */,
				3EA315052E1333030044FB89 /* GoalInput */,
			);
			path = Views;
			sourceTree = "<group>";
		};
		3EA315022E1332E10044FB89 /* ViewModels */ = {
			isa = PBXGroup;
			children = (
				3EA3151F2E1342D70044FB89 /* WorkoutPlanViewModel.swift */,
			);
			path = ViewModels;
			sourceTree = "<group>";
		};
		3EA315032E1332EB0044FB89 /* Services */ = {
			isa = PBXGroup;
			children = (
				3EA3151D2E13426B0044FB89 /* LocalStorageService.swift */,
				3EA315322E172D690044FB89 /* AIWorkoutGenerationService.swift */,
			);
			path = Services;
			sourceTree = "<group>";
		};
		3EA315042E1332F20044FB89 /* Utilities */ = {
			isa = PBXGroup;
			children = (
				3EA3150F2E13385E0044FB89 /* SampleData.swift */,
			);
			path = Utilities;
			sourceTree = "<group>";
		};
		3EA315052E1333030044FB89 /* GoalInput */ = {
			isa = PBXGroup;
			children = (
				3EA3150D2E13348E0044FB89 /* GoalInputView.swift */,
			);
			path = GoalInput;
			sourceTree = "<group>";
		};
		3EA315062E13330F0044FB89 /* PlanList */ = {
			isa = PBXGroup;
			children = (
				3EA315152E1339240044FB89 /* DayDetailView.swift */,
				3EA315172E1339480044FB89 /* PlanListView.swift */,
			);
			path = PlanList;
			sourceTree = "<group>";
		};
		3EA315072E1333150044FB89 /* Progress */ = {
			isa = PBXGroup;
			children = (
			);
			path = Progress;
			sourceTree = "<group>";
		};
		3EA315082E13331E0044FB89 /* Components */ = {
			isa = PBXGroup;
			children = (
				3EA315112E1338B30044FB89 /* DayRowView.swift */,
				3EA315132E1338FC0044FB89 /* ExerciseRowView.swift */,
			);
			path = Components;
			sourceTree = "<group>";
		};
		3EA315342E175F7F0044FB89 /* PlanReview */ = {
			isa = PBXGroup;
			children = (
				3EA315362E175FA40044FB89 /* PlanReviewView.swift */,
				3EA315382E175FB50044FB89 /* DayPreviewRow.swift */,
				3EA3153A2E175FC30044FB89 /* DayEditView.swift */,
				3EA3153C2E182D3E0044FB89 /* ExerciseEditRow.swift */,
				3EA3153E2E182D580044FB89 /* AddExerciseView.swift */,
				3EA315402E182D670044FB89 /* EditExerciseView.swift */,
			);
			path = PlanReview;
			sourceTree = "<group>";
		};
		3EA315652E1AC9A90044FB89 /* Recovered References */ = {
			isa = PBXGroup;
			children = (
				3EA3155A2E1A25770044FB89 /* APIKeys.xcconfig */,
			);
			name = "Recovered References";
			sourceTree = "<group>";
		};
/* End PBXGroup section */

/* Begin PBXNativeTarget section */
		3EA314D02E13322C0044FB89 /* Fit14 */ = {
			isa = PBXNativeTarget;
			buildConfigurationList = 3EA314F72E1332350044FB89 /* Build configuration list for PBXNativeTarget "Fit14" */;
			buildPhases = (
				3EA314CD2E13322C0044FB89 /* Sources */,
				3EA314CE2E13322C0044FB89 /* Frameworks */,
				3EA314CF2E13322C0044FB89 /* Resources */,
			);
			buildRules = (
			);
			dependencies = (
			);
			fileSystemSynchronizedGroups = (
				3EA314D32E13322C0044FB89 /* Fit14 */,
				3EA315442E1A01E90044FB89 /* Config */,
			);
			name = Fit14;
			packageProductDependencies = (
			);
			productName = Fit14;
			productReference = 3EA314D12E13322C0044FB89 /* Fit14.app */;
			productType = "com.apple.product-type.application";
		};
		3EA314E22E1332350044FB89 /* Fit14Tests */ = {
			isa = PBXNativeTarget;
			buildConfigurationList = 3EA314FA2E1332350044FB89 /* Build configuration list for PBXNativeTarget "Fit14Tests" */;
			buildPhases = (
				3EA314DF2E1332350044FB89 /* Sources */,
				3EA314E02E1332350044FB89 /* Frameworks */,
				3EA314E12E1332350044FB89 /* Resources */,
			);
			buildRules = (
			);
			dependencies = (
				3EA314E52E1332350044FB89 /* PBXTargetDependency */,
			);
			fileSystemSynchronizedGroups = (
				3EA314E62E1332350044FB89 /* Fit14Tests */,
			);
			name = Fit14Tests;
			packageProductDependencies = (
			);
			productName = Fit14Tests;
			productReference = 3EA314E32E1332350044FB89 /* Fit14Tests.xctest */;
			productType = "com.apple.product-type.bundle.unit-test";
		};
		3EA314EC2E1332350044FB89 /* Fit14UITests */ = {
			isa = PBXNativeTarget;
			buildConfigurationList = 3EA314FD2E1332350044FB89 /* Build configuration list for PBXNativeTarget "Fit14UITests" */;
			buildPhases = (
				3EA314E92E1332350044FB89 /* Sources */,
				3EA314EA2E1332350044FB89 /* Frameworks */,
				3EA314EB2E1332350044FB89 /* Resources */,
			);
			buildRules = (
			);
			dependencies = (
				3EA314EF2E1332350044FB89 /* PBXTargetDependency */,
			);
			fileSystemSynchronizedGroups = (
				3EA314F02E1332350044FB89 /* Fit14UITests */,
			);
			name = Fit14UITests;
			packageProductDependencies = (
			);
			productName = Fit14UITests;
			productReference = 3EA314ED2E1332350044FB89 /* Fit14UITests.xctest */;
			productType = "com.apple.product-type.bundle.ui-testing";
		};
/* End PBXNativeTarget section */

/* Begin PBXProject section */
		3EA314C92E13322C0044FB89 /* Project object */ = {
			isa = PBXProject;
			attributes = {
				BuildIndependentTargetsInParallel = 1;
				LastSwiftUpdateCheck = 1620;
				LastUpgradeCheck = 1620;
				TargetAttributes = {
					3EA314D02E13322C0044FB89 = {
						CreatedOnToolsVersion = 16.2;
					};
					3EA314E22E1332350044FB89 = {
						CreatedOnToolsVersion = 16.2;
						TestTargetID = 3EA314D02E13322C0044FB89;
					};
					3EA314EC2E1332350044FB89 = {
						CreatedOnToolsVersion = 16.2;
						TestTargetID = 3EA314D02E13322C0044FB89;
					};
				};
			};
			buildConfigurationList = 3EA314CC2E13322C0044FB89 /* Build configuration list for PBXProject "Fit14" */;
			developmentRegion = en;
			hasScannedForEncodings = 0;
			knownRegions = (
				en,
				Base,
			);
			mainGroup = 3EA314C82E13322C0044FB89;
			minimizedProjectReferenceProxies = 1;
			preferredProjectObjectVersion = 77;
			productRefGroup = 3EA314D22E13322C0044FB89 /* Products */;
			projectDirPath = "";
			projectRoot = "";
			targets = (
				3EA314D02E13322C0044FB89 /* Fit14 */,
				3EA314E22E1332350044FB89 /* Fit14Tests */,
				3EA314EC2E1332350044FB89 /* Fit14UITests */,
			);
		};
/* End PBXProject section */

/* Begin PBXResourcesBuildPhase section */
		3EA314CF2E13322C0044FB89 /* Resources */ = {
			isa = PBXResourcesBuildPhase;
			buildActionMask = 2147483647;
			files = (
				3EA315622E1ABD000044FB89 /* .gitignore in Resources */,
				3EA315682E1AC9A90044FB89 /* APIKeys.xcconfig in Resources */,
			);
			runOnlyForDeploymentPostprocessing = 0;
		};
		3EA314E12E1332350044FB89 /* Resources */ = {
			isa = PBXResourcesBuildPhase;
			buildActionMask = 2147483647;
			files = (
			);
			runOnlyForDeploymentPostprocessing = 0;
		};
		3EA314EB2E1332350044FB89 /* Resources */ = {
			isa = PBXResourcesBuildPhase;
			buildActionMask = 2147483647;
			files = (
			);
			runOnlyForDeploymentPostprocessing = 0;
		};
/* End PBXResourcesBuildPhase section */

/* Begin PBXSourcesBuildPhase section */
		3EA314CD2E13322C0044FB89 /* Sources */ = {
			isa = PBXSourcesBuildPhase;
			buildActionMask = 2147483647;
			files = (
				3EA315102E13385E0044FB89 /* SampleData.swift in Sources */,
				3EA315392E175FB50044FB89 /* DayPreviewRow.swift in Sources */,
				3EA315372E175FA40044FB89 /* PlanReviewView.swift in Sources */,
				3EA315162E1339240044FB89 /* DayDetailView.swift in Sources */,
				3EA315122E1338B30044FB89 /* DayRowView.swift in Sources */,
				3EA3151A2E133ADD0044FB89 /* Day.swift in Sources */,
				3EA3151C2E133AF20044FB89 /* UserGoals.swift in Sources */,
				3EA3153F2E182D580044FB89 /* AddExerciseView.swift in Sources */,
				3EA3151B2E133AEB0044FB89 /* WorkoutPlan.swift in Sources */,
				3EA315412E182D670044FB89 /* EditExerciseView.swift in Sources */,
				3EA315192E133AC70044FB89 /* Exercise.swift in Sources */,
				3EA315332E172D690044FB89 /* AIWorkoutGenerationService.swift in Sources */,
				3EA315142E1338FC0044FB89 /* ExerciseRowView.swift in Sources */,
				3EA3150E2E13348E0044FB89 /* GoalInputView.swift in Sources */,
				3EA3151E2E13426B0044FB89 /* LocalStorageService.swift in Sources */,
				3EA315202E1342D70044FB89 /* WorkoutPlanViewModel.swift in Sources */,
				3EA3153B2E175FC30044FB89 /* DayEditView.swift in Sources */,
				3EA3153D2E182D3E0044FB89 /* ExerciseEditRow.swift in Sources */,
				3EA315182E1339480044FB89 /* PlanListView.swift in Sources */,
			);
			runOnlyForDeploymentPostprocessing = 0;
		};
		3EA314DF2E1332350044FB89 /* Sources */ = {
			isa = PBXSourcesBuildPhase;
			buildActionMask = 2147483647;
			files = (
			);
			runOnlyForDeploymentPostprocessing = 0;
		};
		3EA314E92E1332350044FB89 /* Sources */ = {
			isa = PBXSourcesBuildPhase;
			buildActionMask = 2147483647;
			files = (
			);
			runOnlyForDeploymentPostprocessing = 0;
		};
/* End PBXSourcesBuildPhase section */

/* Begin PBXTargetDependency section */
		3EA314E52E1332350044FB89 /* PBXTargetDependency */ = {
			isa = PBXTargetDependency;
			target = 3EA314D02E13322C0044FB89 /* Fit14 */;
			targetProxy = 3EA314E42E1332350044FB89 /* PBXContainerItemProxy */;
		};
		3EA314EF2E1332350044FB89 /* PBXTargetDependency */ = {
			isa = PBXTargetDependency;
			target = 3EA314D02E13322C0044FB89 /* Fit14 */;
			targetProxy = 3EA314EE2E1332350044FB89 /* PBXContainerItemProxy */;
		};
/* End PBXTargetDependency section */

/* Begin XCBuildConfiguration section */
		3EA314F52E1332350044FB89 /* Debug */ = {
			isa = XCBuildConfiguration;
			baseConfigurationReference = 3EA315672E1AC9A90044FB89 /* APIKeys.xcconfig */;
			buildSettings = {
				ALWAYS_SEARCH_USER_PATHS = NO;
				ASSETCATALOG_COMPILER_GENERATE_SWIFT_ASSET_SYMBOL_EXTENSIONS = YES;
				CLANG_ANALYZER_NONNULL = YES;
				CLANG_ANALYZER_NUMBER_OBJECT_CONVERSION = YES_AGGRESSIVE;
				CLANG_CXX_LANGUAGE_STANDARD = "gnu++20";
				CLANG_ENABLE_MODULES = YES;
				CLANG_ENABLE_OBJC_ARC = YES;
				CLANG_ENABLE_OBJC_WEAK = YES;
				CLANG_WARN_BLOCK_CAPTURE_AUTORELEASING = YES;
				CLANG_WARN_BOOL_CONVERSION = YES;
				CLANG_WARN_COMMA = YES;
				CLANG_WARN_CONSTANT_CONVERSION = YES;
				CLANG_WARN_DEPRECATED_OBJC_IMPLEMENTATIONS = YES;
				CLANG_WARN_DIRECT_OBJC_ISA_USAGE = YES_ERROR;
				CLANG_WARN_DOCUMENTATION_COMMENTS = YES;
				CLANG_WARN_EMPTY_BODY = YES;
				CLANG_WARN_ENUM_CONVERSION = YES;
				CLANG_WARN_INFINITE_RECURSION = YES;
				CLANG_WARN_INT_CONVERSION = YES;
				CLANG_WARN_NON_LITERAL_NULL_CONVERSION = YES;
				CLANG_WARN_OBJC_IMPLICIT_RETAIN_SELF = YES;
				CLANG_WARN_OBJC_LITERAL_CONVERSION = YES;
				CLANG_WARN_OBJC_ROOT_CLASS = YES_ERROR;
				CLANG_WARN_QUOTED_INCLUDE_IN_FRAMEWORK_HEADER = YES;
				CLANG_WARN_RANGE_LOOP_ANALYSIS = YES;
				CLANG_WARN_STRICT_PROTOTYPES = YES;
				CLANG_WARN_SUSPICIOUS_MOVE = YES;
				CLANG_WARN_UNGUARDED_AVAILABILITY = YES_AGGRESSIVE;
				CLANG_WARN_UNREACHABLE_CODE = YES;
				CLANG_WARN__DUPLICATE_METHOD_MATCH = YES;
				COPY_PHASE_STRIP = NO;
				DEBUG_INFORMATION_FORMAT = dwarf;
				ENABLE_STRICT_OBJC_MSGSEND = YES;
				ENABLE_TESTABILITY = YES;
				ENABLE_USER_SCRIPT_SANDBOXING = YES;
				GCC_C_LANGUAGE_STANDARD = gnu17;
				GCC_DYNAMIC_NO_PIC = NO;
				GCC_NO_COMMON_BLOCKS = YES;
				GCC_OPTIMIZATION_LEVEL = 0;
				GCC_PREPROCESSOR_DEFINITIONS = (
					"DEBUG=1",
					"$(inherited)",
				);
				GCC_WARN_64_TO_32_BIT_CONVERSION = YES;
				GCC_WARN_ABOUT_RETURN_TYPE = YES_ERROR;
				GCC_WARN_UNDECLARED_SELECTOR = YES;
				GCC_WARN_UNINITIALIZED_AUTOS = YES_AGGRESSIVE;
				GCC_WARN_UNUSED_FUNCTION = YES;
				GCC_WARN_UNUSED_VARIABLE = YES;
				IPHONEOS_DEPLOYMENT_TARGET = 18.2;
				LOCALIZATION_PREFERS_STRING_CATALOGS = YES;
				MTL_ENABLE_DEBUG_INFO = INCLUDE_SOURCE;
				MTL_FAST_MATH = YES;
				ONLY_ACTIVE_ARCH = YES;
				SDKROOT = iphoneos;
				SWIFT_ACTIVE_COMPILATION_CONDITIONS = "DEBUG $(inherited)";
				SWIFT_OPTIMIZATION_LEVEL = "-Onone";
			};
			name = Debug;
		};
		3EA314F62E1332350044FB89 /* Release */ = {
			isa = XCBuildConfiguration;
			baseConfigurationReference = 3EA315672E1AC9A90044FB89 /* APIKeys.xcconfig */;
			buildSettings = {
				ALWAYS_SEARCH_USER_PATHS = NO;
				ASSETCATALOG_COMPILER_GENERATE_SWIFT_ASSET_SYMBOL_EXTENSIONS = YES;
				CLANG_ANALYZER_NONNULL = YES;
				CLANG_ANALYZER_NUMBER_OBJECT_CONVERSION = YES_AGGRESSIVE;
				CLANG_CXX_LANGUAGE_STANDARD = "gnu++20";
				CLANG_ENABLE_MODULES = YES;
				CLANG_ENABLE_OBJC_ARC = YES;
				CLANG_ENABLE_OBJC_WEAK = YES;
				CLANG_WARN_BLOCK_CAPTURE_AUTORELEASING = YES;
				CLANG_WARN_BOOL_CONVERSION = YES;
				CLANG_WARN_COMMA = YES;
				CLANG_WARN_CONSTANT_CONVERSION = YES;
				CLANG_WARN_DEPRECATED_OBJC_IMPLEMENTATIONS = YES;
				CLANG_WARN_DIRECT_OBJC_ISA_USAGE = YES_ERROR;
				CLANG_WARN_DOCUMENTATION_COMMENTS = YES;
				CLANG_WARN_EMPTY_BODY = YES;
				CLANG_WARN_ENUM_CONVERSION = YES;
				CLANG_WARN_INFINITE_RECURSION = YES;
				CLANG_WARN_INT_CONVERSION = YES;
				CLANG_WARN_NON_LITERAL_NULL_CONVERSION = YES;
				CLANG_WARN_OBJC_IMPLICIT_RETAIN_SELF = YES;
				CLANG_WARN_OBJC_LITERAL_CONVERSION = YES;
				CLANG_WARN_OBJC_ROOT_CLASS = YES_ERROR;
				CLANG_WARN_QUOTED_INCLUDE_IN_FRAMEWORK_HEADER = YES;
				CLANG_WARN_RANGE_LOOP_ANALYSIS = YES;
				CLANG_WARN_STRICT_PROTOTYPES = YES;
				CLANG_WARN_SUSPICIOUS_MOVE = YES;
				CLANG_WARN_UNGUARDED_AVAILABILITY = YES_AGGRESSIVE;
				CLANG_WARN_UNREACHABLE_CODE = YES;
				CLANG_WARN__DUPLICATE_METHOD_MATCH = YES;
				COPY_PHASE_STRIP = NO;
				DEBUG_INFORMATION_FORMAT = "dwarf-with-dsym";
				ENABLE_NS_ASSERTIONS = NO;
				ENABLE_STRICT_OBJC_MSGSEND = YES;
				ENABLE_USER_SCRIPT_SANDBOXING = YES;
				GCC_C_LANGUAGE_STANDARD = gnu17;
				GCC_NO_COMMON_BLOCKS = YES;
				GCC_WARN_64_TO_32_BIT_CONVERSION = YES;
				GCC_WARN_ABOUT_RETURN_TYPE = YES_ERROR;
				GCC_WARN_UNDECLARED_SELECTOR = YES;
				GCC_WARN_UNINITIALIZED_AUTOS = YES_AGGRESSIVE;
				GCC_WARN_UNUSED_FUNCTION = YES;
				GCC_WARN_UNUSED_VARIABLE = YES;
				IPHONEOS_DEPLOYMENT_TARGET = 18.2;
				LOCALIZATION_PREFERS_STRING_CATALOGS = YES;
				MTL_ENABLE_DEBUG_INFO = NO;
				MTL_FAST_MATH = YES;
				SDKROOT = iphoneos;
				SWIFT_COMPILATION_MODE = wholemodule;
				VALIDATE_PRODUCT = YES;
			};
			name = Release;
		};
		3EA314F82E1332350044FB89 /* Debug */ = {
			isa = XCBuildConfiguration;
			buildSettings = {
				ASSETCATALOG_COMPILER_APPICON_NAME = AppIcon;
				ASSETCATALOG_COMPILER_GLOBAL_ACCENT_COLOR_NAME = AccentColor;
				CODE_SIGN_STYLE = Automatic;
				CURRENT_PROJECT_VERSION = 1;
				DEVELOPMENT_ASSET_PATHS = "\"Fit14/Preview Content\"";
				DEVELOPMENT_TEAM = 79KW5HMNLY;
				ENABLE_PREVIEWS = YES;
				GENERATE_INFOPLIST_FILE = YES;
				GOOGLE_GEMINI_API_KEY = "$(GOOGLE_GEMINI_API_KEY)";
				INFOPLIST_FILE = Fit14/Info.plist;
				INFOPLIST_KEY_CFBundleDisplayName = Fit14;
				INFOPLIST_KEY_LSApplicationCategoryType = "public.app-category.healthcare-fitness";
				INFOPLIST_KEY_UIApplicationSceneManifest_Generation = YES;
				INFOPLIST_KEY_UIApplicationSupportsIndirectInputEvents = YES;
				INFOPLIST_KEY_UILaunchScreen_Generation = YES;
				INFOPLIST_KEY_UIStatusBarStyle = "";
				INFOPLIST_KEY_UISupportedInterfaceOrientations = UIInterfaceOrientationPortrait;
				INFOPLIST_KEY_UISupportedInterfaceOrientations_iPad = "UIInterfaceOrientationLandscapeLeft UIInterfaceOrientationLandscapeRight UIInterfaceOrientationPortrait UIInterfaceOrientationPortraitUpsideDown";
				IPHONEOS_DEPLOYMENT_TARGET = 18.0;
				LD_RUNPATH_SEARCH_PATHS = (
					"$(inherited)",
					"@executable_path/Frameworks",
				);
				MARKETING_VERSION = 1.0;
				PRODUCT_BUNDLE_IDENTIFIER = com.jersondevs.Fit14;
				PRODUCT_NAME = "$(TARGET_NAME)";
				SWIFT_EMIT_LOC_STRINGS = YES;
				SWIFT_VERSION = 5.0;
				TARGETED_DEVICE_FAMILY = "1,2";
			};
			name = Debug;
		};
		3EA314F92E1332350044FB89 /* Release */ = {
			isa = XCBuildConfiguration;
			buildSettings = {
				ASSETCATALOG_COMPILER_APPICON_NAME = AppIcon;
				ASSETCATALOG_COMPILER_GLOBAL_ACCENT_COLOR_NAME = AccentColor;
				CODE_SIGN_STYLE = Automatic;
				CURRENT_PROJECT_VERSION = 1;
				DEVELOPMENT_ASSET_PATHS = "\"Fit14/Preview Content\"";
				DEVELOPMENT_TEAM = 79KW5HMNLY;
				ENABLE_PREVIEWS = YES;
				GENERATE_INFOPLIST_FILE = YES;
				GOOGLE_GEMINI_API_KEY = "$(GOOGLE_GEMINI_API_KEY) ";
				INFOPLIST_FILE = Fit14/Info.plist;
				INFOPLIST_KEY_CFBundleDisplayName = Fit14;
				INFOPLIST_KEY_LSApplicationCategoryType = "public.app-category.healthcare-fitness";
				INFOPLIST_KEY_UIApplicationSceneManifest_Generation = YES;
				INFOPLIST_KEY_UIApplicationSupportsIndirectInputEvents = YES;
				INFOPLIST_KEY_UILaunchScreen_Generation = YES;
				INFOPLIST_KEY_UIStatusBarStyle = "";
				INFOPLIST_KEY_UISupportedInterfaceOrientations = UIInterfaceOrientationPortrait;
				INFOPLIST_KEY_UISupportedInterfaceOrientations_iPad = "UIInterfaceOrientationLandscapeLeft UIInterfaceOrientationLandscapeRight UIInterfaceOrientationPortrait UIInterfaceOrientationPortraitUpsideDown";
				IPHONEOS_DEPLOYMENT_TARGET = 18.0;
				LD_RUNPATH_SEARCH_PATHS = (
					"$(inherited)",
					"@executable_path/Frameworks",
				);
				MARKETING_VERSION = 1.0;
				PRODUCT_BUNDLE_IDENTIFIER = com.jersondevs.Fit14;
				PRODUCT_NAME = "$(TARGET_NAME)";
				SWIFT_EMIT_LOC_STRINGS = YES;
				SWIFT_VERSION = 5.0;
				TARGETED_DEVICE_FAMILY = "1,2";
			};
			name = Release;
		};
		3EA314FB2E1332350044FB89 /* Debug */ = {
			isa = XCBuildConfiguration;
			buildSettings = {
				BUNDLE_LOADER = "$(TEST_HOST)";
				CODE_SIGN_STYLE = Automatic;
				CURRENT_PROJECT_VERSION = 1;
				DEVELOPMENT_TEAM = 79KW5HMNLY;
				GENERATE_INFOPLIST_FILE = YES;
				IPHONEOS_DEPLOYMENT_TARGET = 18.2;
				MARKETING_VERSION = 1.0;
				PRODUCT_BUNDLE_IDENTIFIER = com.jersondevs.Fit14Tests;
				PRODUCT_NAME = "$(TARGET_NAME)";
				SWIFT_EMIT_LOC_STRINGS = NO;
				SWIFT_VERSION = 5.0;
				TARGETED_DEVICE_FAMILY = "1,2";
				TEST_HOST = "$(BUILT_PRODUCTS_DIR)/Fit14.app/$(BUNDLE_EXECUTABLE_FOLDER_PATH)/Fit14";
			};
			name = Debug;
		};
		3EA314FC2E1332350044FB89 /* Release */ = {
			isa = XCBuildConfiguration;
			buildSettings = {
				BUNDLE_LOADER = "$(TEST_HOST)";
				CODE_SIGN_STYLE = Automatic;
				CURRENT_PROJECT_VERSION = 1;
				DEVELOPMENT_TEAM = 79KW5HMNLY;
				GENERATE_INFOPLIST_FILE = YES;
				IPHONEOS_DEPLOYMENT_TARGET = 18.2;
				MARKETING_VERSION = 1.0;
				PRODUCT_BUNDLE_IDENTIFIER = com.jersondevs.Fit14Tests;
				PRODUCT_NAME = "$(TARGET_NAME)";
				SWIFT_EMIT_LOC_STRINGS = NO;
				SWIFT_VERSION = 5.0;
				TARGETED_DEVICE_FAMILY = "1,2";
				TEST_HOST = "$(BUILT_PRODUCTS_DIR)/Fit14.app/$(BUNDLE_EXECUTABLE_FOLDER_PATH)/Fit14";
			};
			name = Release;
		};
		3EA314FE2E1332350044FB89 /* Debug */ = {
			isa = XCBuildConfiguration;
			buildSettings = {
				CODE_SIGN_STYLE = Automatic;
				CURRENT_PROJECT_VERSION = 1;
				DEVELOPMENT_TEAM = 79KW5HMNLY;
				GENERATE_INFOPLIST_FILE = YES;
				MARKETING_VERSION = 1.0;
				PRODUCT_BUNDLE_IDENTIFIER = com.jersondevs.Fit14UITests;
				PRODUCT_NAME = "$(TARGET_NAME)";
				SWIFT_EMIT_LOC_STRINGS = NO;
				SWIFT_VERSION = 5.0;
				TARGETED_DEVICE_FAMILY = "1,2";
				TEST_TARGET_NAME = Fit14;
			};
			name = Debug;
		};
		3EA314FF2E1332350044FB89 /* Release */ = {
			isa = XCBuildConfiguration;
			buildSettings = {
				CODE_SIGN_STYLE = Automatic;
				CURRENT_PROJECT_VERSION = 1;
				DEVELOPMENT_TEAM = 79KW5HMNLY;
				GENERATE_INFOPLIST_FILE = YES;
				MARKETING_VERSION = 1.0;
				PRODUCT_BUNDLE_IDENTIFIER = com.jersondevs.Fit14UITests;
				PRODUCT_NAME = "$(TARGET_NAME)";
				SWIFT_EMIT_LOC_STRINGS = NO;
				SWIFT_VERSION = 5.0;
				TARGETED_DEVICE_FAMILY = "1,2";
				TEST_TARGET_NAME = Fit14;
			};
			name = Release;
		};
/* End XCBuildConfiguration section */

/* Begin XCConfigurationList section */
		3EA314CC2E13322C0044FB89 /* Build configuration list for PBXProject "Fit14" */ = {
			isa = XCConfigurationList;
			buildConfigurations = (
				3EA314F52E1332350044FB89 /* Debug */,
				3EA314F62E1332350044FB89 /* Release */,
			);
			defaultConfigurationIsVisible = 0;
			defaultConfigurationName = Release;
		};
		3EA314F72E1332350044FB89 /* Build configuration list for PBXNativeTarget "Fit14" */ = {
			isa = XCConfigurationList;
			buildConfigurations = (
				3EA314F82E1332350044FB89 /* Debug */,
				3EA314F92E1332350044FB89 /* Release */,
			);
			defaultConfigurationIsVisible = 0;
			defaultConfigurationName = Release;
		};
		3EA314FA2E1332350044FB89 /* Build configuration list for PBXNativeTarget "Fit14Tests" */ = {
			isa = XCConfigurationList;
			buildConfigurations = (
				3EA314FB2E1332350044FB89 /* Debug */,
				3EA314FC2E1332350044FB89 /* Release */,
			);
			defaultConfigurationIsVisible = 0;
			defaultConfigurationName = Release;
		};
		3EA314FD2E1332350044FB89 /* Build configuration list for PBXNativeTarget "Fit14UITests" */ = {
			isa = XCConfigurationList;
			buildConfigurations = (
				3EA314FE2E1332350044FB89 /* Debug */,
				3EA314FF2E1332350044FB89 /* Release */,
			);
			defaultConfigurationIsVisible = 0;
			defaultConfigurationName = Release;
		};
/* End XCConfigurationList section */
	};
	rootObject = 3EA314C92E13322C0044FB89 /* Project object */;
}
